
Microsoft Visual Studio Solution File, Format Version 12.00
# Visual Studio Version 17
VisualStudioVersion = 17.4.33015.44
MinimumVisualStudioVersion = 10.0.40219.1
Project("{FAE04EC0-301F-11D3-BF4B-00C04F79EFBC}") = "WebApi_Framework48_EF6", "WebApi_Framework48_EF6\WebApi_Framework48_EF6.csproj", "{479DFFF8-48B8-419B-9231-6454A6E822A5}"
EndProject
Project("{FAE04EC0-301F-11D3-BF4B-00C04F79EFBC}") = "Model", "Model\Model.csproj", "{D93BC950-75F5-461C-900D-DE4E49CF1853}"
EndProject
Project("{FAE04EC0-301F-11D3-BF4B-00C04F79EFBC}") = "WebApi_Net7", "WebApi_Net7\WebApi_Net7.csproj", "{F95D9140-F05C-4AC5-94AF-BD0FD386E477}"
EndProject
Global
	GlobalSection(SolutionConfigurationPlatforms) = preSolution
		Debug|Any CPU = Debug|Any CPU
		Release|Any CPU = Release|Any CPU
	EndGlobalSection
	GlobalSection(ProjectConfigurationPlatforms) = postSolution
		{479DFFF8-48B8-419B-9231-6454A6E822A5}.Debug|Any CPU.ActiveCfg = Debug|Any CPU
		{479DFFF8-48B8-419B-9231-6454A6E822A5}.Debug|Any CPU.Build.0 = Debug|Any CPU
		{479DFFF8-48B8-419B-9231-6454A6E822A5}.Release|Any CPU.ActiveCfg = Release|Any CPU
		{479DFFF8-48B8-419B-9231-6454A6E822A5}.Release|Any CPU.Build.0 = Release|Any CPU
		{D93BC950-75F5-461C-900D-DE4E49CF1853}.Debug|Any CPU.ActiveCfg = Debug|Any CPU
		{D93BC950-75F5-461C-900D-DE4E49CF1853}.Debug|Any CPU.Build.0 = Debug|Any CPU
		{D93BC950-75F5-461C-900D-DE4E49CF1853}.Release|Any CPU.ActiveCfg = Release|Any CPU
		{D93BC950-75F5-461C-900D-DE4E49CF1853}.Release|Any CPU.Build.0 = Release|Any CPU
		{F95D9140-F05C-4AC5-94AF-BD0FD386E477}.Debug|Any CPU.ActiveCfg = Debug|Any CPU
		{F95D9140-F05C-4AC5-94AF-BD0FD386E477}.Debug|Any CPU.Build.0 = Debug|Any CPU
		{F95D9140-F05C-4AC5-94AF-BD0FD386E477}.Release|Any CPU.ActiveCfg = Release|Any CPU
		{F95D9140-F05C-4AC5-94AF-BD0FD386E477}.Release|Any CPU.Build.0 = Release|Any CPU
	EndGlobalSection
	GlobalSection(SolutionProperties) = preSolution
		HideSolutionNode = FALSE
	EndGlobalSection
	GlobalSection(ExtensibilityGlobals) = postSolution
		SolutionGuid = {5B4E0DBC-819C-4216-AE41-7D91E27A9B78}
	EndGlobalSection
EndGlobal
